
Microsoft Visual Studio Solution File, Format Version 12.00
Project("{FAE04EC0-301F-11D3-BF4B-00C04F79EFBC}") = "AdventOfCode2024CsharpDay1", "AdventOfCode2024CsharpDay1\AdventOfCode2024CsharpDay1.csproj", "{92BFA502-FD21-46D7-B462-53E81BBCE3C3}"
EndProject
Project("{FAE04EC0-301F-11D3-BF4B-00C04F79EFBC}") = "AdventOfCode2024CsharpDay2", "AdventOfCode2024CsharpDay2\AdventOfCode2024CsharpDay2.csproj", "{031AD4C0-1AEB-48C2-98D7-224295AD6DC6}"
EndProject
Project("{FAE04EC0-301F-11D3-BF4B-00C04F79EFBC}") = "AdventOfCode2024CsharpDay3", "AdventOfCode2024CsharpDay3\AdventOfCode2024CsharpDay3.csproj", "{4CF3CDF7-7025-4117-9170-869A6B89FD15}"
EndProject
Global
	GlobalSection(SolutionConfigurationPlatforms) = preSolution
		Debug|Any CPU = Debug|Any CPU
		Release|Any CPU = Release|Any CPU
	EndGlobalSection
	GlobalSection(ProjectConfigurationPlatforms) = postSolution
		{92BFA502-FD21-46D7-B462-53E81BBCE3C3}.Debug|Any CPU.ActiveCfg = Debug|Any CPU
		{92BFA502-FD21-46D7-B462-53E81BBCE3C3}.Debug|Any CPU.Build.0 = Debug|Any CPU
		{92BFA502-FD21-46D7-B462-53E81BBCE3C3}.Release|Any CPU.ActiveCfg = Release|Any CPU
		{92BFA502-FD21-46D7-B462-53E81BBCE3C3}.Release|Any CPU.Build.0 = Release|Any CPU
		{031AD4C0-1AEB-48C2-98D7-224295AD6DC6}.Debug|Any CPU.ActiveCfg = Debug|Any CPU
		{031AD4C0-1AEB-48C2-98D7-224295AD6DC6}.Debug|Any CPU.Build.0 = Debug|Any CPU
		{031AD4C0-1AEB-48C2-98D7-224295AD6DC6}.Release|Any CPU.ActiveCfg = Release|Any CPU
		{031AD4C0-1AEB-48C2-98D7-224295AD6DC6}.Release|Any CPU.Build.0 = Release|Any CPU
		{4CF3CDF7-7025-4117-9170-869A6B89FD15}.Debug|Any CPU.ActiveCfg = Debug|Any CPU
		{4CF3CDF7-7025-4117-9170-869A6B89FD15}.Debug|Any CPU.Build.0 = Debug|Any CPU
		{4CF3CDF7-7025-4117-9170-869A6B89FD15}.Release|Any CPU.ActiveCfg = Release|Any CPU
		{4CF3CDF7-7025-4117-9170-869A6B89FD15}.Release|Any CPU.Build.0 = Release|Any CPU
	EndGlobalSection
EndGlobal
